// !$*UTF8*$!
{
	archiveVersion = 1;
	classes = {
	};
	objectVersion = 50;
	objects = {

/* Begin PBXBuildFile section */
		450103B4235CFCF8000844ED /* HostingController.swift in Sources */ = {isa = PBXBuildFile; fileRef = 450103B3235CFCF8000844ED /* HostingController.swift */; };
		45B89A22235BC5E400A4B4EF /* AppDelegate.swift in Sources */ = {isa = PBXBuildFile; fileRef = 45B89A21235BC5E400A4B4EF /* AppDelegate.swift */; };
		45B89A24235BC5E400A4B4EF /* SceneDelegate.swift in Sources */ = {isa = PBXBuildFile; fileRef = 45B89A23235BC5E400A4B4EF /* SceneDelegate.swift */; };
		45B89A26235BC5E400A4B4EF /* ContentView.swift in Sources */ = {isa = PBXBuildFile; fileRef = 45B89A25235BC5E400A4B4EF /* ContentView.swift */; };
		45B89A28235BC5E900A4B4EF /* Assets.xcassets in Resources */ = {isa = PBXBuildFile; fileRef = 45B89A27235BC5E900A4B4EF /* Assets.xcassets */; };
		45B89A2B235BC5E900A4B4EF /* Preview Assets.xcassets in Resources */ = {isa = PBXBuildFile; fileRef = 45B89A2A235BC5E900A4B4EF /* Preview Assets.xcassets */; };
		45B89A2E235BC5E900A4B4EF /* LaunchScreen.storyboard in Resources */ = {isa = PBXBuildFile; fileRef = 45B89A2C235BC5E900A4B4EF /* LaunchScreen.storyboard */; };
		45B89A39235BC5E900A4B4EF /* HelloWorldTests.swift in Sources */ = {isa = PBXBuildFile; fileRef = 45B89A38235BC5E900A4B4EF /* HelloWorldTests.swift */; };
		45B89A44235BC5E900A4B4EF /* HelloWorldUITests.swift in Sources */ = {isa = PBXBuildFile; fileRef = 45B89A43235BC5E900A4B4EF /* HelloWorldUITests.swift */; };
/* End PBXBuildFile section */

/* Begin PBXContainerItemProxy section */
		45B89A35235BC5E900A4B4EF /* PBXContainerItemProxy */ = {
			isa = PBXContainerItemProxy;
			containerPortal = 45B89A16235BC5E300A4B4EF /* Project object */;
			proxyType = 1;
			remoteGlobalIDString = 45B89A1D235BC5E400A4B4EF;
			remoteInfo = HelloWorld;
		};
		45B89A40235BC5E900A4B4EF /* PBXContainerItemProxy */ = {
			isa = PBXContainerItemProxy;
			containerPortal = 45B89A16235BC5E300A4B4EF /* Project object */;
			proxyType = 1;
			remoteGlobalIDString = 45B89A1D235BC5E400A4B4EF;
			remoteInfo = HelloWorld;
		};
/* End PBXContainerItemProxy section */

/* Begin PBXFileReference section */
		450103B3235CFCF8000844ED /* HostingController.swift */ = {isa = PBXFileReference; lastKnownFileType = sourcecode.swift; path = HostingController.swift; sourceTree = "<group>"; };
		45B89A1E235BC5E400A4B4EF /* HelloWorld.app */ = {isa = PBXFileReference; explicitFileType = wrapper.application; includeInIndex = 0; path = HelloWorld.app; sourceTree = BUILT_PRODUCTS_DIR; };
		45B89A21235BC5E400A4B4EF /* AppDelegate.swift */ = {isa = PBXFileReference; lastKnownFileType = sourcecode.swift; path = AppDelegate.swift; sourceTree = "<group>"; };
		45B89A23235BC5E400A4B4EF /* SceneDelegate.swift */ = {isa = PBXFileReference; lastKnownFileType = sourcecode.swift; path = SceneDelegate.swift; sourceTree = "<group>"; };
		45B89A25235BC5E400A4B4EF /* ContentView.swift */ = {isa = PBXFileReference; lastKnownFileType = sourcecode.swift; path = ContentView.swift; sourceTree = "<group>"; };
		45B89A27235BC5E900A4B4EF /* Assets.xcassets */ = {isa = PBXFileReference; lastKnownFileType = folder.assetcatalog; path = Assets.xcassets; sourceTree = "<group>"; };
		45B89A2A235BC5E900A4B4EF /* Preview Assets.xcassets */ = {isa = PBXFileReference; lastKnownFileType = folder.assetcatalog; path = "Preview Assets.xcassets"; sourceTree = "<group>"; };
		45B89A2D235BC5E900A4B4EF /* Base */ = {isa = PBXFileReference; lastKnownFileType = file.storyboard; name = Base; path = Base.lproj/LaunchScreen.storyboard; sourceTree = "<group>"; };
		45B89A2F235BC5E900A4B4EF /* Info.plist */ = {isa = PBXFileReference; lastKnownFileType = text.plist.xml; path = Info.plist; sourceTree = "<group>"; };
		45B89A34235BC5E900A4B4EF /* HelloWorldTests.xctest */ = {isa = PBXFileReference; explicitFileType = wrapper.cfbundle; includeInIndex = 0; path = HelloWorldTests.xctest; sourceTree = BUILT_PRODUCTS_DIR; };
		45B89A38235BC5E900A4B4EF /* HelloWorldTests.swift */ = {isa = PBXFileReference; lastKnownFileType = sourcecode.swift; path = HelloWorldTests.swift; sourceTree = "<group>"; };
		45B89A3A235BC5E900A4B4EF /* Info.plist */ = {isa = PBXFileReference; lastKnownFileType = text.plist.xml; path = Info.plist; sourceTree = "<group>"; };
		45B89A3F235BC5E900A4B4EF /* HelloWorldUITests.xctest */ = {isa = PBXFileReference; explicitFileType = wrapper.cfbundle; includeInIndex = 0; path = HelloWorldUITests.xctest; sourceTree = BUILT_PRODUCTS_DIR; };
		45B89A43235BC5E900A4B4EF /* HelloWorldUITests.swift */ = {isa = PBXFileReference; lastKnownFileType = sourcecode.swift; path = HelloWorldUITests.swift; sourceTree = "<group>"; };
		45B89A45235BC5E900A4B4EF /* Info.plist */ = {isa = PBXFileReference; lastKnownFileType = text.plist.xml; path = Info.plist; sourceTree = "<group>"; };
/* End PBXFileReference section */

/* Begin PBXFrameworksBuildPhase section */
		45B89A1B235BC5E400A4B4EF /* Frameworks */ = {
			isa = PBXFrameworksBuildPhase;
			buildActionMask = 2147483647;
			files = (
			);
			runOnlyForDeploymentPostprocessing = 0;
		};
		45B89A31235BC5E900A4B4EF /* Frameworks */ = {
			isa = PBXFrameworksBuildPhase;
			buildActionMask = 2147483647;
			files = (
			);
			runOnlyForDeploymentPostprocessing = 0;
		};
		45B89A3C235BC5E900A4B4EF /* Frameworks */ = {
			isa = PBXFrameworksBuildPhase;
			buildActionMask = 2147483647;
			files = (
			);
			runOnlyForDeploymentPostprocessing = 0;
		};
/* End PBXFrameworksBuildPhase section */

/* Begin PBXGroup section */
		45B89A15235BC5E300A4B4EF = {
			isa = PBXGroup;
			children = (
				45B89A20235BC5E400A4B4EF /* HelloWorld */,
				45B89A37235BC5E900A4B4EF /* HelloWorldTests */,
				45B89A42235BC5E900A4B4EF /* HelloWorldUITests */,
				45B89A1F235BC5E400A4B4EF /* Products */,
			);
			sourceTree = "<group>";
		};
		45B89A1F235BC5E400A4B4EF /* Products */ = {
			isa = PBXGroup;
			children = (
				45B89A1E235BC5E400A4B4EF /* HelloWorld.app */,
				45B89A34235BC5E900A4B4EF /* HelloWorldTests.xctest */,
				45B89A3F235BC5E900A4B4EF /* HelloWorldUITests.xctest */,
			);
			name = Products;
			sourceTree = "<group>";
		};
		45B89A20235BC5E400A4B4EF /* HelloWorld */ = {
			isa = PBXGroup;
			children = (
				45B89A21235BC5E400A4B4EF /* AppDelegate.swift */,
				45B89A23235BC5E400A4B4EF /* SceneDelegate.swift */,
				45B89A25235BC5E400A4B4EF /* ContentView.swift */,
				450103B3235CFCF8000844ED /* HostingController.swift */,
				45B89A27235BC5E900A4B4EF /* Assets.xcassets */,
				45B89A2C235BC5E900A4B4EF /* LaunchScreen.storyboard */,
				45B89A2F235BC5E900A4B4EF /* Info.plist */,
				45B89A29235BC5E900A4B4EF /* Preview Content */,
			);
			path = HelloWorld;
			sourceTree = "<group>";
		};
		45B89A29235BC5E900A4B4EF /* Preview Content */ = {
			isa = PBXGroup;
			children = (
				45B89A2A235BC5E900A4B4EF /* Preview Assets.xcassets */,
			);
			path = "Preview Content";
			sourceTree = "<group>";
		};
		45B89A37235BC5E900A4B4EF /* HelloWorldTests */ = {
			isa = PBXGroup;
			children = (
				45B89A38235BC5E900A4B4EF /* HelloWorldTests.swift */,
				45B89A3A235BC5E900A4B4EF /* Info.plist */,
			);
			path = HelloWorldTests;
			sourceTree = "<group>";
		};
		45B89A42235BC5E900A4B4EF /* HelloWorldUITests */ = {
			isa = PBXGroup;
			children = (
				45B89A43235BC5E900A4B4EF /* HelloWorldUITests.swift */,
				45B89A45235BC5E900A4B4EF /* Info.plist */,
			);
			path = HelloWorldUITests;
			sourceTree = "<group>";
		};
/* End PBXGroup section */

/* Begin PBXNativeTarget section */
		45B89A1D235BC5E400A4B4EF /* HelloWorld */ = {
			isa = PBXNativeTarget;
			buildConfigurationList = 45B89A48235BC5E900A4B4EF /* Build configuration list for PBXNativeTarget "HelloWorld" */;
			buildPhases = (
				45B89A1A235BC5E400A4B4EF /* Sources */,
				45B89A1B235BC5E400A4B4EF /* Frameworks */,
				45B89A1C235BC5E400A4B4EF /* Resources */,
			);
			buildRules = (
			);
			dependencies = (
			);
			name = HelloWorld;
			productName = HelloWorld;
			productReference = 45B89A1E235BC5E400A4B4EF /* HelloWorld.app */;
			productType = "com.apple.product-type.application";
		};
		45B89A33235BC5E900A4B4EF /* HelloWorldTests */ = {
			isa = PBXNativeTarget;
			buildConfigurationList = 45B89A4B235BC5E900A4B4EF /* Build configuration list for PBXNativeTarget "HelloWorldTests" */;
			buildPhases = (
				45B89A30235BC5E900A4B4EF /* Sources */,
				45B89A31235BC5E900A4B4EF /* Frameworks */,
				45B89A32235BC5E900A4B4EF /* Resources */,
			);
			buildRules = (
			);
			dependencies = (
				45B89A36235BC5E900A4B4EF /* PBXTargetDependency */,
			);
			name = HelloWorldTests;
			productName = HelloWorldTests;
			productReference = 45B89A34235BC5E900A4B4EF /* HelloWorldTests.xctest */;
			productType = "com.apple.product-type.bundle.unit-test";
		};
		45B89A3E235BC5E900A4B4EF /* HelloWorldUITests */ = {
			isa = PBXNativeTarget;
			buildConfigurationList = 45B89A4E235BC5E900A4B4EF /* Build configuration list for PBXNativeTarget "HelloWorldUITests" */;
			buildPhases = (
				45B89A3B235BC5E900A4B4EF /* Sources */,
				45B89A3C235BC5E900A4B4EF /* Frameworks */,
				45B89A3D235BC5E900A4B4EF /* Resources */,
			);
			buildRules = (
			);
			dependencies = (
				45B89A41235BC5E900A4B4EF /* PBXTargetDependency */,
			);
			name = HelloWorldUITests;
			productName = HelloWorldUITests;
			productReference = 45B89A3F235BC5E900A4B4EF /* HelloWorldUITests.xctest */;
			productType = "com.apple.product-type.bundle.ui-testing";
		};
/* End PBXNativeTarget section */

/* Begin PBXProject section */
		45B89A16235BC5E300A4B4EF /* Project object */ = {
			isa = PBXProject;
			attributes = {
				LastSwiftUpdateCheck = 1110;
				LastUpgradeCheck = 1110;
				ORGANIZATIONNAME = "Felipe Acosta";
				TargetAttributes = {
					45B89A1D235BC5E400A4B4EF = {
						CreatedOnToolsVersion = 11.1;
					};
					45B89A33235BC5E900A4B4EF = {
						CreatedOnToolsVersion = 11.1;
						TestTargetID = 45B89A1D235BC5E400A4B4EF;
					};
					45B89A3E235BC5E900A4B4EF = {
						CreatedOnToolsVersion = 11.1;
						TestTargetID = 45B89A1D235BC5E400A4B4EF;
					};
				};
			};
			buildConfigurationList = 45B89A19235BC5E300A4B4EF /* Build configuration list for PBXProject "HelloWorld" */;
			compatibilityVersion = "Xcode 9.3";
			developmentRegion = en;
			hasScannedForEncodings = 0;
			knownRegions = (
				en,
				Base,
			);
			mainGroup = 45B89A15235BC5E300A4B4EF;
			productRefGroup = 45B89A1F235BC5E400A4B4EF /* Products */;
			projectDirPath = "";
			projectRoot = "";
			targets = (
				45B89A1D235BC5E400A4B4EF /* HelloWorld */,
				45B89A33235BC5E900A4B4EF /* HelloWorldTests */,
				45B89A3E235BC5E900A4B4EF /* HelloWorldUITests */,
			);
		};
/* End PBXProject section */

/* Begin PBXResourcesBuildPhase section */
		45B89A1C235BC5E400A4B4EF /* Resources */ = {
			isa = PBXResourcesBuildPhase;
			buildActionMask = 2147483647;
			files = (
				45B89A2E235BC5E900A4B4EF /* LaunchScreen.storyboard in Resources */,
				45B89A2B235BC5E900A4B4EF /* Preview Assets.xcassets in Resources */,
				45B89A28235BC5E900A4B4EF /* Assets.xcassets in Resources */,
			);
			runOnlyForDeploymentPostprocessing = 0;
		};
		45B89A32235BC5E900A4B4EF /* Resources */ = {
			isa = PBXResourcesBuildPhase;
			buildActionMask = 2147483647;
			files = (
			);
			runOnlyForDeploymentPostprocessing = 0;
		};
		45B89A3D235BC5E900A4B4EF /* Resources */ = {
			isa = PBXResourcesBuildPhase;
			buildActionMask = 2147483647;
			files = (
			);
			runOnlyForDeploymentPostprocessing = 0;
		};
/* End PBXResourcesBuildPhase section */

/* Begin PBXSourcesBuildPhase section */
		45B89A1A235BC5E400A4B4EF /* Sources */ = {
			isa = PBXSourcesBuildPhase;
			buildActionMask = 2147483647;
			files = (
				45B89A22235BC5E400A4B4EF /* AppDelegate.swift in Sources */,
				45B89A24235BC5E400A4B4EF /* SceneDelegate.swift in Sources */,
				450103B4235CFCF8000844ED /* HostingController.swift in Sources */,
				45B89A26235BC5E400A4B4EF /* ContentView.swift in Sources */,
			);
			runOnlyForDeploymentPostprocessing = 0;
		};
		45B89A30235BC5E900A4B4EF /* Sources */ = {
			isa = PBXSourcesBuildPhase;
			buildActionMask = 2147483647;
			files = (
				45B89A39235BC5E900A4B4EF /* HelloWorldTests.swift in Sources */,
			);
			runOnlyForDeploymentPostprocessing = 0;
		};
		45B89A3B235BC5E900A4B4EF /* Sources */ = {
			isa = PBXSourcesBuildPhase;
			buildActionMask = 2147483647;
			files = (
				45B89A44235BC5E900A4B4EF /* HelloWorldUITests.swift in Sources */,
			);
			runOnlyForDeploymentPostprocessing = 0;
		};
/* End PBXSourcesBuildPhase section */

/* Begin PBXTargetDependency section */
		45B89A36235BC5E900A4B4EF /* PBXTargetDependency */ = {
			isa = PBXTargetDependency;
			target = 45B89A1D235BC5E400A4B4EF /* HelloWorld */;
			targetProxy = 45B89A35235BC5E900A4B4EF /* PBXContainerItemProxy */;
		};
		45B89A41235BC5E900A4B4EF /* PBXTargetDependency */ = {
			isa = PBXTargetDependency;
			target = 45B89A1D235BC5E400A4B4EF /* HelloWorld */;
			targetProxy = 45B89A40235BC5E900A4B4EF /* PBXContainerItemProxy */;
		};
/* End PBXTargetDependency section */

/* Begin PBXVariantGroup section */
		45B89A2C235BC5E900A4B4EF /* LaunchScreen.storyboard */ = {
			isa = PBXVariantGroup;
			children = (
				45B89A2D235BC5E900A4B4EF /* Base */,
			);
			name = LaunchScreen.storyboard;
			sourceTree = "<group>";
		};
/* End PBXVariantGroup section */

/* Begin XCBuildConfiguration section */
		45B89A46235BC5E900A4B4EF /* Debug */ = {
			isa = XCBuildConfiguration;
			buildSettings = {
				ALWAYS_SEARCH_USER_PATHS = NO;
				CLANG_ANALYZER_NONNULL = YES;
				CLANG_ANALYZER_NUMBER_OBJECT_CONVERSION = YES_AGGRESSIVE;
				CLANG_CXX_LANGUAGE_STANDARD = "gnu++14";
				CLANG_CXX_LIBRARY = "libc++";
				CLANG_ENABLE_MODULES = YES;
				CLANG_ENABLE_OBJC_ARC = YES;
				CLANG_ENABLE_OBJC_WEAK = YES;
				CLANG_WARN_BLOCK_CAPTURE_AUTORELEASING = YES;
				CLANG_WARN_BOOL_CONVERSION = YES;
				CLANG_WARN_COMMA = YES;
				CLANG_WARN_CONSTANT_CONVERSION = YES;
				CLANG_WARN_DEPRECATED_OBJC_IMPLEMENTATIONS = YES;
				CLANG_WARN_DIRECT_OBJC_ISA_USAGE = YES_ERROR;
				CLANG_WARN_DOCUMENTATION_COMMENTS = YES;
				CLANG_WARN_EMPTY_BODY = YES;
				CLANG_WARN_ENUM_CONVERSION = YES;
				CLANG_WARN_INFINITE_RECURSION = YES;
				CLANG_WARN_INT_CONVERSION = YES;
				CLANG_WARN_NON_LITERAL_NULL_CONVERSION = YES;
				CLANG_WARN_OBJC_IMPLICIT_RETAIN_SELF = YES;
				CLANG_WARN_OBJC_LITERAL_CONVERSION = YES;
				CLANG_WARN_OBJC_ROOT_CLASS = YES_ERROR;
				CLANG_WARN_RANGE_LOOP_ANALYSIS = YES;
				CLANG_WARN_STRICT_PROTOTYPES = YES;
				CLANG_WARN_SUSPICIOUS_MOVE = YES;
				CLANG_WARN_UNGUARDED_AVAILABILITY = YES_AGGRESSIVE;
				CLANG_WARN_UNREACHABLE_CODE = YES;
				CLANG_WARN__DUPLICATE_METHOD_MATCH = YES;
				COPY_PHASE_STRIP = NO;
				DEBUG_INFORMATION_FORMAT = dwarf;
				ENABLE_STRICT_OBJC_MSGSEND = YES;
				ENABLE_TESTABILITY = YES;
				GCC_C_LANGUAGE_STANDARD = gnu11;
				GCC_DYNAMIC_NO_PIC = NO;
				GCC_NO_COMMON_BLOCKS = YES;
				GCC_OPTIMIZATION_LEVEL = 0;
				GCC_PREPROCESSOR_DEFINITIONS = (
					"DEBUG=1",
					"$(inherited)",
				);
				GCC_WARN_64_TO_32_BIT_CONVERSION = YES;
				GCC_WARN_ABOUT_RETURN_TYPE = YES_ERROR;
				GCC_WARN_UNDECLARED_SELECTOR = YES;
				GCC_WARN_UNINITIALIZED_AUTOS = YES_AGGRESSIVE;
				GCC_WARN_UNUSED_FUNCTION = YES;
				GCC_WARN_UNUSED_VARIABLE = YES;
				IPHONEOS_DEPLOYMENT_TARGET = 13.1;
				MTL_ENABLE_DEBUG_INFO = INCLUDE_SOURCE;
				MTL_FAST_MATH = YES;
				ONLY_ACTIVE_ARCH = YES;
				SDKROOT = iphoneos;
				SWIFT_ACTIVE_COMPILATION_CONDITIONS = DEBUG;
				SWIFT_OPTIMIZATION_LEVEL = "-Onone";
			};
			name = Debug;
		};
		45B89A47235BC5E900A4B4EF /* Release */ = {
			isa = XCBuildConfiguration;
			buildSettings = {
				ALWAYS_SEARCH_USER_PATHS = NO;
				CLANG_ANALYZER_NONNULL = YES;
				CLANG_ANALYZER_NUMBER_OBJECT_CONVERSION = YES_AGGRESSIVE;
				CLANG_CXX_LANGUAGE_STANDARD = "gnu++14";
				CLANG_CXX_LIBRARY = "libc++";
				CLANG_ENABLE_MODULES = YES;
				CLANG_ENABLE_OBJC_ARC = YES;
				CLANG_ENABLE_OBJC_WEAK = YES;
				CLANG_WARN_BLOCK_CAPTURE_AUTORELEASING = YES;
				CLANG_WARN_BOOL_CONVERSION = YES;
				CLANG_WARN_COMMA = YES;
				CLANG_WARN_CONSTANT_CONVERSION = YES;
				CLANG_WARN_DEPRECATED_OBJC_IMPLEMENTATIONS = YES;
				CLANG_WARN_DIRECT_OBJC_ISA_USAGE = YES_ERROR;
				CLANG_WARN_DOCUMENTATION_COMMENTS = YES;
				CLANG_WARN_EMPTY_BODY = YES;
				CLANG_WARN_ENUM_CONVERSION = YES;
				CLANG_WARN_INFINITE_RECURSION = YES;
				CLANG_WARN_INT_CONVERSION = YES;
				CLANG_WARN_NON_LITERAL_NULL_CONVERSION = YES;
				CLANG_WARN_OBJC_IMPLICIT_RETAIN_SELF = YES;
				CLANG_WARN_OBJC_LITERAL_CONVERSION = YES;
				CLANG_WARN_OBJC_ROOT_CLASS = YES_ERROR;
				CLANG_WARN_RANGE_LOOP_ANALYSIS = YES;
				CLANG_WARN_STRICT_PROTOTYPES = YES;
				CLANG_WARN_SUSPICIOUS_MOVE = YES;
				CLANG_WARN_UNGUARDED_AVAILABILITY = YES_AGGRESSIVE;
				CLANG_WARN_UNREACHABLE_CODE = YES;
				CLANG_WARN__DUPLICATE_METHOD_MATCH = YES;
				COPY_PHASE_STRIP = NO;
				DEBUG_INFORMATION_FORMAT = "dwarf-with-dsym";
				ENABLE_NS_ASSERTIONS = NO;
				ENABLE_STRICT_OBJC_MSGSEND = YES;
				GCC_C_LANGUAGE_STANDARD = gnu11;
				GCC_NO_COMMON_BLOCKS = YES;
				GCC_WARN_64_TO_32_BIT_CONVERSION = YES;
				GCC_WARN_ABOUT_RETURN_TYPE = YES_ERROR;
				GCC_WARN_UNDECLARED_SELECTOR = YES;
				GCC_WARN_UNINITIALIZED_AUTOS = YES_AGGRESSIVE;
				GCC_WARN_UNUSED_FUNCTION = YES;
				GCC_WARN_UNUSED_VARIABLE = YES;
				IPHONEOS_DEPLOYMENT_TARGET = 13.1;
				MTL_ENABLE_DEBUG_INFO = NO;
				MTL_FAST_MATH = YES;
				SDKROOT = iphoneos;
				SWIFT_COMPILATION_MODE = wholemodule;
				SWIFT_OPTIMIZATION_LEVEL = "-O";
				VALIDATE_PRODUCT = YES;
			};
			name = Release;
		};
		45B89A49235BC5E900A4B4EF /* Debug */ = {
			isa = XCBuildConfiguration;
			buildSettings = {
				ASSETCATALOG_COMPILER_APPICON_NAME = AppIcon;
				CODE_SIGN_STYLE = Automatic;
				DEVELOPMENT_ASSET_PATHS = "\"HelloWorld/Preview Content\"";
				ENABLE_PREVIEWS = YES;
				INFOPLIST_FILE = HelloWorld/Info.plist;
				LD_RUNPATH_SEARCH_PATHS = (
					"$(inherited)",
					"@executable_path/Frameworks",
				);
				PRODUCT_BUNDLE_IDENTIFIER = io.HelloWorld;
				PRODUCT_NAME = "$(TARGET_NAME)";
				SWIFT_VERSION = 5.0;
				TARGETED_DEVICE_FAMILY = "1,2";
			};
			name = Debug;
		};
		45B89A4A235BC5E900A4B4EF /* Release */ = {
			isa = XCBuildConfiguration;
			buildSettings = {
				ASSETCATALOG_COMPILER_APPICON_NAME = AppIcon;
				CODE_SIGN_STYLE = Automatic;
				DEVELOPMENT_ASSET_PATHS = "\"HelloWorld/Preview Content\"";
				ENABLE_PREVIEWS = YES;
				INFOPLIST_FILE = HelloWorld/Info.plist;
				LD_RUNPATH_SEARCH_PATHS = (
					"$(inherited)",
					"@executable_path/Frameworks",
				);
				PRODUCT_BUNDLE_IDENTIFIER = io.HelloWorld;
				PRODUCT_NAME = "$(TARGET_NAME)";
				SWIFT_VERSION = 5.0;
				TARGETED_DEVICE_FAMILY = "1,2";
			};
			name = Release;
		};
		45B89A4C235BC5E900A4B4EF /* Debug */ = {
			isa = XCBuildConfiguration;
			buildSettings = {
				ALWAYS_EMBED_SWIFT_STANDARD_LIBRARIES = YES;
				BUNDLE_LOADER = "$(TEST_HOST)";
				CODE_SIGN_STYLE = Automatic;
				INFOPLIST_FILE = HelloWorldTests/Info.plist;
				IPHONEOS_DEPLOYMENT_TARGET = 13.1;
				LD_RUNPATH_SEARCH_PATHS = (
					"$(inherited)",
					"@executable_path/Frameworks",
					"@loader_path/Frameworks",
				);
				PRODUCT_BUNDLE_IDENTIFIER = io.HelloWorldTests;
				PRODUCT_NAME = "$(TARGET_NAME)";
				SWIFT_VERSION = 5.0;
				TARGETED_DEVICE_FAMILY = "1,2";
				TEST_HOST = "$(BUILT_PRODUCTS_DIR)/HelloWorld.app/HelloWorld";
			};
			name = Debug;
		};
		45B89A4D235BC5E900A4B4EF /* Release */ = {
			isa = XCBuildConfiguration;
			buildSettings = {
				ALWAYS_EMBED_SWIFT_STANDARD_LIBRARIES = YES;
				BUNDLE_LOADER = "$(TEST_HOST)";
				CODE_SIGN_STYLE = Automatic;
				INFOPLIST_FILE = HelloWorldTests/Info.plist;
				IPHONEOS_DEPLOYMENT_TARGET = 13.1;
				LD_RUNPATH_SEARCH_PATHS = (
					"$(inherited)",
					"@executable_path/Frameworks",
					"@loader_path/Frameworks",
				);
				PRODUCT_BUNDLE_IDENTIFIER = io.HelloWorldTests;
				PRODUCT_NAME = "$(TARGET_NAME)";
				SWIFT_VERSION = 5.0;
				TARGETED_DEVICE_FAMILY = "1,2";
				TEST_HOST = "$(BUILT_PRODUCTS_DIR)/HelloWorld.app/HelloWorld";
			};
			name = Release;
		};
		45B89A4F235BC5E900A4B4EF /* Debug */ = {
			isa = XCBuildConfiguration;
			buildSettings = {
				ALWAYS_EMBED_SWIFT_STANDARD_LIBRARIES = YES;
				CODE_SIGN_STYLE = Automatic;
				INFOPLIST_FILE = HelloWorldUITests/Info.plist;
				LD_RUNPATH_SEARCH_PATHS = (
					"$(inherited)",
					"@executable_path/Frameworks",
					"@loader_path/Frameworks",
				);
				PRODUCT_BUNDLE_IDENTIFIER = io.HelloWorldUITests;
				PRODUCT_NAME = "$(TARGET_NAME)";
				SWIFT_VERSION = 5.0;
				TARGETED_DEVICE_FAMILY = "1,2";
				TEST_TARGET_NAME = HelloWorld;
			};
			name = Debug;
		};
		45B89A50235BC5E900A4B4EF /* Release */ = {
			isa = XCBuildConfiguration;
			buildSettings = {
				ALWAYS_EMBED_SWIFT_STANDARD_LIBRARIES = YES;
				CODE_SIGN_STYLE = Automatic;
				INFOPLIST_FILE = HelloWorldUITests/Info.plist;
				LD_RUNPATH_SEARCH_PATHS = (
					"$(inherited)",
					"@executable_path/Frameworks",
					"@loader_path/Frameworks",
				);
				PRODUCT_BUNDLE_IDENTIFIER = io.HelloWorldUITests;
				PRODUCT_NAME = "$(TARGET_NAME)";
				SWIFT_VERSION = 5.0;
				TARGETED_DEVICE_FAMILY = "1,2";
				TEST_TARGET_NAME = HelloWorld;
			};
			name = Release;
		};
/* End XCBuildConfiguration section */

/* Begin XCConfigurationList section */
		45B89A19235BC5E300A4B4EF /* Build configuration list for PBXProject "HelloWorld" */ = {
			isa = XCConfigurationList;
			buildConfigurations = (
				45B89A46235BC5E900A4B4EF /* Debug */,
				45B89A47235BC5E900A4B4EF /* Release */,
			);
			defaultConfigurationIsVisible = 0;
			defaultConfigurationName = Release;
		};
		45B89A48235BC5E900A4B4EF /* Build configuration list for PBXNativeTarget "HelloWorld" */ = {
			isa = XCConfigurationList;
			buildConfigurations = (
				45B89A49235BC5E900A4B4EF /* Debug */,
				45B89A4A235BC5E900A4B4EF /* Release */,
			);
			defaultConfigurationIsVisible = 0;
			defaultConfigurationName = Release;
		};
		45B89A4B235BC5E900A4B4EF /* Build configuration list for PBXNativeTarget "HelloWorldTests" */ = {
			isa = XCConfigurationList;
			buildConfigurations = (
				45B89A4C235BC5E900A4B4EF /* Debug */,
				45B89A4D235BC5E900A4B4EF /* Release */,
			);
			defaultConfigurationIsVisible = 0;
			defaultConfigurationName = Release;
		};
		45B89A4E235BC5E900A4B4EF /* Build configuration list for PBXNativeTarget "HelloWorldUITests" */ = {
			isa = XCConfigurationList;
			buildConfigurations = (
				45B89A4F235BC5E900A4B4EF /* Debug */,
				45B89A50235BC5E900A4B4EF /* Release */,
			);
			defaultConfigurationIsVisible = 0;
			defaultConfigurationName = Release;
		};
/* End XCConfigurationList section */
	};
	rootObject = 45B89A16235BC5E300A4B4EF /* Project object */;
}
